
Microsoft Visual Studio Solution File, Format Version 12.00
# Visual Studio Version 17
VisualStudioVersion = 17.4.33122.133
MinimumVisualStudioVersion = 10.0.40219.1
Project("{9A19103F-16F7-4668-BE54-9A1E7A4F7556}") = "day01", "day01\day01.csproj", "{A4624208-6633-437E-B993-0A1CBB93388C}"
EndProject
Project("{9A19103F-16F7-4668-BE54-9A1E7A4F7556}") = "shared", "shared\shared.csproj", "{DBC343CA-8C10-4C61-BE50-361F2615F381}"
EndProject
Project("{9A19103F-16F7-4668-BE54-9A1E7A4F7556}") = "day02", "day02\day02.csproj", "{3023B72B-6EA7-460E-BE1F-267FECCF8F5D}"
EndProject
Project("{9A19103F-16F7-4668-BE54-9A1E7A4F7556}") = "day03", "day03\day03.csproj", "{CF39E7F4-441B-43E9-A9C3-A706E85E7B00}"
EndProject
Project("{9A19103F-16F7-4668-BE54-9A1E7A4F7556}") = "day04", "day04\day04.csproj", "{8244C542-331B-4359-8741-420F28ECD144}"
EndProject
Project("{9A19103F-16F7-4668-BE54-9A1E7A4F7556}") = "day05", "day05\day05.csproj", "{F8A7EA3D-B6F9-49A2-BDE9-80442FA419BD}"
EndProject
Project("{9A19103F-16F7-4668-BE54-9A1E7A4F7556}") = "day06", "day06\day06.csproj", "{D8EA83F5-3CBB-43CA-99AD-97EDFA755E0A}"
EndProject
Project("{9A19103F-16F7-4668-BE54-9A1E7A4F7556}") = "day07", "day07\day07.csproj", "{9A904B7A-1AE4-4725-82FA-D63F643F6E77}"
EndProject
Project("{9A19103F-16F7-4668-BE54-9A1E7A4F7556}") = "day08", "day08\day08.csproj", "{225F0269-3964-4465-9DAB-3B9250C9FCAC}"
EndProject
Project("{9A19103F-16F7-4668-BE54-9A1E7A4F7556}") = "day09", "day09\day09.csproj", "{DB19EB27-9612-44A1-873B-D3488AF6A072}"
EndProject
Project("{9A19103F-16F7-4668-BE54-9A1E7A4F7556}") = "day10", "day10\day10.csproj", "{54A2B0D0-58F2-46FB-A878-34909FEBF8E3}"
EndProject
Project("{9A19103F-16F7-4668-BE54-9A1E7A4F7556}") = "day11", "day11\day11.csproj", "{F79DEC58-5E1F-4779-8788-D8D81B42789B}"
EndProject
Project("{9A19103F-16F7-4668-BE54-9A1E7A4F7556}") = "day12", "day12\day12.csproj", "{1768A9D0-6432-45ED-A8A6-D9569863F52C}"
EndProject
Project("{9A19103F-16F7-4668-BE54-9A1E7A4F7556}") = "day13", "day13\day13.csproj", "{0FA5E7CB-E92C-4711-9CA3-18D344088861}"
EndProject
Project("{9A19103F-16F7-4668-BE54-9A1E7A4F7556}") = "day14", "day14\day14.csproj", "{40BCF616-70DD-4FAE-8AD4-8D865B184FC9}"
EndProject
Project("{9A19103F-16F7-4668-BE54-9A1E7A4F7556}") = "day15", "day15\day15.csproj", "{826DB087-96CE-4B27-B43D-8692EC052DEF}"
EndProject
Project("{9A19103F-16F7-4668-BE54-9A1E7A4F7556}") = "day17", "day17\day17.csproj", "{80D62E51-BD4D-45EB-8FFD-C0E81A0F443D}"
EndProject
Project("{9A19103F-16F7-4668-BE54-9A1E7A4F7556}") = "day16", "day16\day16.csproj", "{CD1E32D6-983C-4108-93AA-101171D3C109}"
EndProject
Global
	GlobalSection(SolutionConfigurationPlatforms) = preSolution
		Debug|Any CPU = Debug|Any CPU
		Release|Any CPU = Release|Any CPU
	EndGlobalSection
	GlobalSection(ProjectConfigurationPlatforms) = postSolution
		{A4624208-6633-437E-B993-0A1CBB93388C}.Debug|Any CPU.ActiveCfg = Debug|Any CPU
		{A4624208-6633-437E-B993-0A1CBB93388C}.Debug|Any CPU.Build.0 = Debug|Any CPU
		{A4624208-6633-437E-B993-0A1CBB93388C}.Release|Any CPU.ActiveCfg = Release|Any CPU
		{A4624208-6633-437E-B993-0A1CBB93388C}.Release|Any CPU.Build.0 = Release|Any CPU
		{DBC343CA-8C10-4C61-BE50-361F2615F381}.Debug|Any CPU.ActiveCfg = Debug|Any CPU
		{DBC343CA-8C10-4C61-BE50-361F2615F381}.Debug|Any CPU.Build.0 = Debug|Any CPU
		{DBC343CA-8C10-4C61-BE50-361F2615F381}.Release|Any CPU.ActiveCfg = Release|Any CPU
		{DBC343CA-8C10-4C61-BE50-361F2615F381}.Release|Any CPU.Build.0 = Release|Any CPU
		{3023B72B-6EA7-460E-BE1F-267FECCF8F5D}.Debug|Any CPU.ActiveCfg = Debug|Any CPU
		{3023B72B-6EA7-460E-BE1F-267FECCF8F5D}.Debug|Any CPU.Build.0 = Debug|Any CPU
		{3023B72B-6EA7-460E-BE1F-267FECCF8F5D}.Release|Any CPU.ActiveCfg = Release|Any CPU
		{3023B72B-6EA7-460E-BE1F-267FECCF8F5D}.Release|Any CPU.Build.0 = Release|Any CPU
		{CF39E7F4-441B-43E9-A9C3-A706E85E7B00}.Debug|Any CPU.ActiveCfg = Debug|Any CPU
		{CF39E7F4-441B-43E9-A9C3-A706E85E7B00}.Debug|Any CPU.Build.0 = Debug|Any CPU
		{CF39E7F4-441B-43E9-A9C3-A706E85E7B00}.Release|Any CPU.ActiveCfg = Release|Any CPU
		{CF39E7F4-441B-43E9-A9C3-A706E85E7B00}.Release|Any CPU.Build.0 = Release|Any CPU
		{8244C542-331B-4359-8741-420F28ECD144}.Debug|Any CPU.ActiveCfg = Debug|Any CPU
		{8244C542-331B-4359-8741-420F28ECD144}.Debug|Any CPU.Build.0 = Debug|Any CPU
		{8244C542-331B-4359-8741-420F28ECD144}.Release|Any CPU.ActiveCfg = Release|Any CPU
		{8244C542-331B-4359-8741-420F28ECD144}.Release|Any CPU.Build.0 = Release|Any CPU
		{F8A7EA3D-B6F9-49A2-BDE9-80442FA419BD}.Debug|Any CPU.ActiveCfg = Debug|Any CPU
		{F8A7EA3D-B6F9-49A2-BDE9-80442FA419BD}.Debug|Any CPU.Build.0 = Debug|Any CPU
		{F8A7EA3D-B6F9-49A2-BDE9-80442FA419BD}.Release|Any CPU.ActiveCfg = Release|Any CPU
		{F8A7EA3D-B6F9-49A2-BDE9-80442FA419BD}.Release|Any CPU.Build.0 = Release|Any CPU
		{D8EA83F5-3CBB-43CA-99AD-97EDFA755E0A}.Debug|Any CPU.ActiveCfg = Debug|Any CPU
		{D8EA83F5-3CBB-43CA-99AD-97EDFA755E0A}.Debug|Any CPU.Build.0 = Debug|Any CPU
		{D8EA83F5-3CBB-43CA-99AD-97EDFA755E0A}.Release|Any CPU.ActiveCfg = Release|Any CPU
		{D8EA83F5-3CBB-43CA-99AD-97EDFA755E0A}.Release|Any CPU.Build.0 = Release|Any CPU
		{9A904B7A-1AE4-4725-82FA-D63F643F6E77}.Debug|Any CPU.ActiveCfg = Debug|Any CPU
		{9A904B7A-1AE4-4725-82FA-D63F643F6E77}.Debug|Any CPU.Build.0 = Debug|Any CPU
		{9A904B7A-1AE4-4725-82FA-D63F643F6E77}.Release|Any CPU.ActiveCfg = Release|Any CPU
		{9A904B7A-1AE4-4725-82FA-D63F643F6E77}.Release|Any CPU.Build.0 = Release|Any CPU
		{225F0269-3964-4465-9DAB-3B9250C9FCAC}.Debug|Any CPU.ActiveCfg = Debug|Any CPU
		{225F0269-3964-4465-9DAB-3B9250C9FCAC}.Debug|Any CPU.Build.0 = Debug|Any CPU
		{225F0269-3964-4465-9DAB-3B9250C9FCAC}.Release|Any CPU.ActiveCfg = Release|Any CPU
		{225F0269-3964-4465-9DAB-3B9250C9FCAC}.Release|Any CPU.Build.0 = Release|Any CPU
		{DB19EB27-9612-44A1-873B-D3488AF6A072}.Debug|Any CPU.ActiveCfg = Debug|Any CPU
		{DB19EB27-9612-44A1-873B-D3488AF6A072}.Debug|Any CPU.Build.0 = Debug|Any CPU
		{DB19EB27-9612-44A1-873B-D3488AF6A072}.Release|Any CPU.ActiveCfg = Release|Any CPU
		{DB19EB27-9612-44A1-873B-D3488AF6A072}.Release|Any CPU.Build.0 = Release|Any CPU
		{54A2B0D0-58F2-46FB-A878-34909FEBF8E3}.Debug|Any CPU.ActiveCfg = Debug|Any CPU
		{54A2B0D0-58F2-46FB-A878-34909FEBF8E3}.Debug|Any CPU.Build.0 = Debug|Any CPU
		{54A2B0D0-58F2-46FB-A878-34909FEBF8E3}.Release|Any CPU.ActiveCfg = Release|Any CPU
		{54A2B0D0-58F2-46FB-A878-34909FEBF8E3}.Release|Any CPU.Build.0 = Release|Any CPU
		{F79DEC58-5E1F-4779-8788-D8D81B42789B}.Debug|Any CPU.ActiveCfg = Debug|Any CPU
		{F79DEC58-5E1F-4779-8788-D8D81B42789B}.Debug|Any CPU.Build.0 = Debug|Any CPU
		{F79DEC58-5E1F-4779-8788-D8D81B42789B}.Release|Any CPU.ActiveCfg = Release|Any CPU
		{F79DEC58-5E1F-4779-8788-D8D81B42789B}.Release|Any CPU.Build.0 = Release|Any CPU
		{1768A9D0-6432-45ED-A8A6-D9569863F52C}.Debug|Any CPU.ActiveCfg = Debug|Any CPU
		{1768A9D0-6432-45ED-A8A6-D9569863F52C}.Debug|Any CPU.Build.0 = Debug|Any CPU
		{1768A9D0-6432-45ED-A8A6-D9569863F52C}.Release|Any CPU.ActiveCfg = Release|Any CPU
		{1768A9D0-6432-45ED-A8A6-D9569863F52C}.Release|Any CPU.Build.0 = Release|Any CPU
		{0FA5E7CB-E92C-4711-9CA3-18D344088861}.Debug|Any CPU.ActiveCfg = Debug|Any CPU
		{0FA5E7CB-E92C-4711-9CA3-18D344088861}.Debug|Any CPU.Build.0 = Debug|Any CPU
		{0FA5E7CB-E92C-4711-9CA3-18D344088861}.Release|Any CPU.ActiveCfg = Release|Any CPU
		{0FA5E7CB-E92C-4711-9CA3-18D344088861}.Release|Any CPU.Build.0 = Release|Any CPU
		{40BCF616-70DD-4FAE-8AD4-8D865B184FC9}.Debug|Any CPU.ActiveCfg = Debug|Any CPU
		{40BCF616-70DD-4FAE-8AD4-8D865B184FC9}.Debug|Any CPU.Build.0 = Debug|Any CPU
		{40BCF616-70DD-4FAE-8AD4-8D865B184FC9}.Release|Any CPU.ActiveCfg = Release|Any CPU
		{40BCF616-70DD-4FAE-8AD4-8D865B184FC9}.Release|Any CPU.Build.0 = Release|Any CPU
		{826DB087-96CE-4B27-B43D-8692EC052DEF}.Debug|Any CPU.ActiveCfg = Debug|Any CPU
		{826DB087-96CE-4B27-B43D-8692EC052DEF}.Debug|Any CPU.Build.0 = Debug|Any CPU
		{826DB087-96CE-4B27-B43D-8692EC052DEF}.Release|Any CPU.ActiveCfg = Release|Any CPU
		{826DB087-96CE-4B27-B43D-8692EC052DEF}.Release|Any CPU.Build.0 = Release|Any CPU
		{80D62E51-BD4D-45EB-8FFD-C0E81A0F443D}.Debug|Any CPU.ActiveCfg = Debug|Any CPU
		{80D62E51-BD4D-45EB-8FFD-C0E81A0F443D}.Debug|Any CPU.Build.0 = Debug|Any CPU
		{80D62E51-BD4D-45EB-8FFD-C0E81A0F443D}.Release|Any CPU.ActiveCfg = Release|Any CPU
		{80D62E51-BD4D-45EB-8FFD-C0E81A0F443D}.Release|Any CPU.Build.0 = Release|Any CPU
		{CD1E32D6-983C-4108-93AA-101171D3C109}.Debug|Any CPU.ActiveCfg = Debug|Any CPU
		{CD1E32D6-983C-4108-93AA-101171D3C109}.Debug|Any CPU.Build.0 = Debug|Any CPU
		{CD1E32D6-983C-4108-93AA-101171D3C109}.Release|Any CPU.ActiveCfg = Release|Any CPU
		{CD1E32D6-983C-4108-93AA-101171D3C109}.Release|Any CPU.Build.0 = Release|Any CPU
	EndGlobalSection
	GlobalSection(SolutionProperties) = preSolution
		HideSolutionNode = FALSE
	EndGlobalSection
	GlobalSection(ExtensibilityGlobals) = postSolution
		SolutionGuid = {7287EB96-4D41-4236-BD7A-583E0D208EE8}
	EndGlobalSection
EndGlobal
